
Microsoft Visual Studio Solution File, Format Version 12.00
# Visual Studio Version 17
VisualStudioVersion = 17.7.34024.191
MinimumVisualStudioVersion = 10.0.40219.1
Project("{FAE04EC0-301F-11D3-BF4B-00C04F79EFBC}") = "wer", "wer\wer.csproj", "{B4D86139-A6D3-466C-9FF2-071EC8C79AB1}"
EndProject
Global
	GlobalSection(SolutionConfigurationPlatforms) = preSolution
		Debug|Any CPU = Debug|Any CPU
		Release|Any CPU = Release|Any CPU
	EndGlobalSection
	GlobalSection(ProjectConfigurationPlatforms) = postSolution
		{B4D86139-A6D3-466C-9FF2-071EC8C79AB1}.Debug|Any CPU.ActiveCfg = Debug|Any CPU
		{B4D86139-A6D3-466C-9FF2-071EC8C79AB1}.Debug|Any CPU.Build.0 = Debug|Any CPU
		{B4D86139-A6D3-466C-9FF2-071EC8C79AB1}.Release|Any CPU.ActiveCfg = Release|Any CPU
		{B4D86139-A6D3-466C-9FF2-071EC8C79AB1}.Release|Any CPU.Build.0 = Release|Any CPU
	EndGlobalSection
	GlobalSection(SolutionProperties) = preSolution
		HideSolutionNode = FALSE
	EndGlobalSection
	GlobalSection(ExtensibilityGlobals) = postSolution
		SolutionGuid = {54C7DF89-8EC6-4BE6-BAAD-74199EA85CBC}
	EndGlobalSection
EndGlobal
